PODS:
  - AFNetworking (1.2.1)
  - FlatUIKit (1.1)

DEPENDENCIES:
  - AFNetworking (~> 1.2.1)
  - FlatUIKit (from `https://github.com/mattglover/FlatUIKit.git`, commit `b3edbdd70d9b30fa4392ce770cdfd61cca372db9`)

EXTERNAL SOURCES:
  FlatUIKit:
    :commit: b3edbdd70d9b30fa4392ce770cdfd61cca372db9
    :git: https://github.com/mattglover/FlatUIKit.git

SPEC CHECKSUMS:
  AFNetworking: a44069e3c9c89867544f6639482f155c7e5f9b41
  FlatUIKit: 3b15b582ffcfa4e392bedc4d3c5461f9b11c1cc2

COCOAPODS: 0.20.1
