// !$*UTF8*$!
{
	archiveVersion = 1;
	classes = {
	};
	objectVersion = 46;
	objects = {

/* Begin PBXBuildFile section */
		77F2D9695CDE4761A8B672A8 /* libPods.a in Frameworks */ = {isa = PBXBuildFile; fileRef = A50CD620C75D4DA79496472E /* libPods.a */; };
		E29ED7FC1750184D00AD9079 /* RootViewController.m in Sources */ = {isa = PBXBuildFile; fileRef = E29ED7FB1750184D00AD9079 /* RootViewController.m */; };
		E2A365EC175015DE0056FDFC /* UIKit.framework in Frameworks */ = {isa = PBXBuildFile; fileRef = E2A365EB175015DE0056FDFC /* UIKit.framework */; };
		E2A365EE175015DE0056FDFC /* Foundation.framework in Frameworks */ = {isa = PBXBuildFile; fileRef = E2A365ED175015DE0056FDFC /* Foundation.framework */; };
		E2A365F0175015DE0056FDFC /* CoreGraphics.framework in Frameworks */ = {isa = PBXBuildFile; fileRef = E2A365EF175015DE0056FDFC /* CoreGraphics.framework */; };
		E2A365F6175015DE0056FDFC /* InfoPlist.strings in Resources */ = {isa = PBXBuildFile; fileRef = E2A365F4175015DE0056FDFC /* InfoPlist.strings */; };
		E2A365F8175015DE0056FDFC /* main.m in Sources */ = {isa = PBXBuildFile; fileRef = E2A365F7175015DE0056FDFC /* main.m */; };
		E2A365FC175015DE0056FDFC /* AppDelegate.m in Sources */ = {isa = PBXBuildFile; fileRef = E2A365FB175015DE0056FDFC /* AppDelegate.m */; };
		E2A365FE175015DE0056FDFC /* Default.png in Resources */ = {isa = PBXBuildFile; fileRef = E2A365FD175015DE0056FDFC /* Default.png */; };
		E2A36600175015DE0056FDFC /* Default@2x.png in Resources */ = {isa = PBXBuildFile; fileRef = E2A365FF175015DE0056FDFC /* Default@2x.png */; };
		E2A36602175015DE0056FDFC /* Default-568h@2x.png in Resources */ = {isa = PBXBuildFile; fileRef = E2A36601175015DE0056FDFC /* Default-568h@2x.png */; };
/* End PBXBuildFile section */

/* Begin PBXFileReference section */
		4D4988465E334D76BD64B399 /* Pods.xcconfig */ = {isa = PBXFileReference; includeInIndex = 1; lastKnownFileType = text.xcconfig; name = Pods.xcconfig; path = Pods/Pods.xcconfig; sourceTree = SOURCE_ROOT; };
		A50CD620C75D4DA79496472E /* libPods.a */ = {isa = PBXFileReference; explicitFileType = archive.ar; includeInIndex = 0; path = libPods.a; sourceTree = BUILT_PRODUCTS_DIR; };
		E29ED7FA1750184D00AD9079 /* RootViewController.h */ = {isa = PBXFileReference; fileEncoding = 4; lastKnownFileType = sourcecode.c.h; path = RootViewController.h; sourceTree = "<group>"; };
		E29ED7FB1750184D00AD9079 /* RootViewController.m */ = {isa = PBXFileReference; fileEncoding = 4; lastKnownFileType = sourcecode.c.objc; path = RootViewController.m; sourceTree = "<group>"; };
		E2A365E8175015DE0056FDFC /* FlatUIKit_DEMO.app */ = {isa = PBXFileReference; explicitFileType = wrapper.application; includeInIndex = 0; path = FlatUIKit_DEMO.app; sourceTree = BUILT_PRODUCTS_DIR; };
		E2A365EB175015DE0056FDFC /* UIKit.framework */ = {isa = PBXFileReference; lastKnownFileType = wrapper.framework; name = UIKit.framework; path = System/Library/Frameworks/UIKit.framework; sourceTree = SDKROOT; };
		E2A365ED175015DE0056FDFC /* Foundation.framework */ = {isa = PBXFileReference; lastKnownFileType = wrapper.framework; name = Foundation.framework; path = System/Library/Frameworks/Foundation.framework; sourceTree = SDKROOT; };
		E2A365EF175015DE0056FDFC /* CoreGraphics.framework */ = {isa = PBXFileReference; lastKnownFileType = wrapper.framework; name = CoreGraphics.framework; path = System/Library/Frameworks/CoreGraphics.framework; sourceTree = SDKROOT; };
		E2A365F3175015DE0056FDFC /* FlatUIKit_DEMO-Info.plist */ = {isa = PBXFileReference; lastKnownFileType = text.plist.xml; path = "FlatUIKit_DEMO-Info.plist"; sourceTree = "<group>"; };
		E2A365F5175015DE0056FDFC /* en */ = {isa = PBXFileReference; lastKnownFileType = text.plist.strings; name = en; path = en.lproj/InfoPlist.strings; sourceTree = "<group>"; };
		E2A365F7175015DE0056FDFC /* main.m */ = {isa = PBXFileReference; lastKnownFileType = sourcecode.c.objc; path = main.m; sourceTree = "<group>"; };
		E2A365F9175015DE0056FDFC /* FlatUIKit_DEMO-Prefix.pch */ = {isa = PBXFileReference; lastKnownFileType = sourcecode.c.h; path = "FlatUIKit_DEMO-Prefix.pch"; sourceTree = "<group>"; };
		E2A365FA175015DE0056FDFC /* AppDelegate.h */ = {isa = PBXFileReference; lastKnownFileType = sourcecode.c.h; path = AppDelegate.h; sourceTree = "<group>"; };
		E2A365FB175015DE0056FDFC /* AppDelegate.m */ = {isa = PBXFileReference; indentWidth = 2; lastKnownFileType = sourcecode.c.objc; path = AppDelegate.m; sourceTree = "<group>"; tabWidth = 2; };
		E2A365FD175015DE0056FDFC /* Default.png */ = {isa = PBXFileReference; lastKnownFileType = image.png; path = Default.png; sourceTree = "<group>"; };
		E2A365FF175015DE0056FDFC /* Default@2x.png */ = {isa = PBXFileReference; lastKnownFileType = image.png; path = "Default@2x.png"; sourceTree = "<group>"; };
		E2A36601175015DE0056FDFC /* Default-568h@2x.png */ = {isa = PBXFileReference; lastKnownFileType = image.png; path = "Default-568h@2x.png"; sourceTree = "<group>"; };
/* End PBXFileReference section */

/* Begin PBXFrameworksBuildPhase section */
		E2A365E5175015DE0056FDFC /* Frameworks */ = {
			isa = PBXFrameworksBuildPhase;
			buildActionMask = 2147483647;
			files = (
				E2A365EC175015DE0056FDFC /* UIKit.framework in Frameworks */,
				E2A365EE175015DE0056FDFC /* Foundation.framework in Frameworks */,
				E2A365F0175015DE0056FDFC /* CoreGraphics.framework in Frameworks */,
				77F2D9695CDE4761A8B672A8 /* libPods.a in Frameworks */,
			);
			runOnlyForDeploymentPostprocessing = 0;
		};
/* End PBXFrameworksBuildPhase section */

/* Begin PBXGroup section */
		E29ED7F91750183C00AD9079 /* Controller */ = {
			isa = PBXGroup;
			children = (
				E29ED7FA1750184D00AD9079 /* RootViewController.h */,
				E29ED7FB1750184D00AD9079 /* RootViewController.m */,
			);
			path = Controller;
			sourceTree = "<group>";
		};
		E2A365DF175015DE0056FDFC = {
			isa = PBXGroup;
			children = (
				E2A365F1175015DE0056FDFC /* FlatUIKit_DEMO */,
				E2A365EA175015DE0056FDFC /* Frameworks */,
				E2A365E9175015DE0056FDFC /* Products */,
				4D4988465E334D76BD64B399 /* Pods.xcconfig */,
			);
			sourceTree = "<group>";
		};
		E2A365E9175015DE0056FDFC /* Products */ = {
			isa = PBXGroup;
			children = (
				E2A365E8175015DE0056FDFC /* FlatUIKit_DEMO.app */,
			);
			name = Products;
			sourceTree = "<group>";
		};
		E2A365EA175015DE0056FDFC /* Frameworks */ = {
			isa = PBXGroup;
			children = (
				E2A365EB175015DE0056FDFC /* UIKit.framework */,
				E2A365ED175015DE0056FDFC /* Foundation.framework */,
				E2A365EF175015DE0056FDFC /* CoreGraphics.framework */,
				A50CD620C75D4DA79496472E /* libPods.a */,
			);
			name = Frameworks;
			sourceTree = "<group>";
		};
		E2A365F1175015DE0056FDFC /* FlatUIKit_DEMO */ = {
			isa = PBXGroup;
			children = (
				E29ED7F91750183C00AD9079 /* Controller */,
				E2A365F2175015DE0056FDFC /* Supporting Files */,
			);
			path = FlatUIKit_DEMO;
			sourceTree = "<group>";
		};
		E2A365F2175015DE0056FDFC /* Supporting Files */ = {
			isa = PBXGroup;
			children = (
				E2A365FA175015DE0056FDFC /* AppDelegate.h */,
				E2A365FB175015DE0056FDFC /* AppDelegate.m */,
				E2A365F3175015DE0056FDFC /* FlatUIKit_DEMO-Info.plist */,
				E2A365F4175015DE0056FDFC /* InfoPlist.strings */,
				E2A365F7175015DE0056FDFC /* main.m */,
				E2A365F9175015DE0056FDFC /* FlatUIKit_DEMO-Prefix.pch */,
				E2A365FD175015DE0056FDFC /* Default.png */,
				E2A365FF175015DE0056FDFC /* Default@2x.png */,
				E2A36601175015DE0056FDFC /* Default-568h@2x.png */,
			);
			name = "Supporting Files";
			sourceTree = "<group>";
		};
/* End PBXGroup section */

/* Begin PBXNativeTarget section */
		E2A365E7175015DE0056FDFC /* FlatUIKit_DEMO */ = {
			isa = PBXNativeTarget;
			buildConfigurationList = E2A36605175015DE0056FDFC /* Build configuration list for PBXNativeTarget "FlatUIKit_DEMO" */;
			buildPhases = (
				5CB65BA3AF0748A192BBACDF /* Check Pods Manifest.lock */,
				E2A365E4175015DE0056FDFC /* Sources */,
				E2A365E5175015DE0056FDFC /* Frameworks */,
				E2A365E6175015DE0056FDFC /* Resources */,
				16435AB374EE41538232766C /* Copy Pods Resources */,
			);
			buildRules = (
			);
			dependencies = (
			);
			name = FlatUIKit_DEMO;
			productName = FlatUIKit_DEMO;
			productReference = E2A365E8175015DE0056FDFC /* FlatUIKit_DEMO.app */;
			productType = "com.apple.product-type.application";
		};
/* End PBXNativeTarget section */

/* Begin PBXProject section */
		E2A365E0175015DE0056FDFC /* Project object */ = {
			isa = PBXProject;
			attributes = {
				LastUpgradeCheck = 0460;
				ORGANIZATIONNAME = "Duchy Software Ltd.";
			};
			buildConfigurationList = E2A365E3175015DE0056FDFC /* Build configuration list for PBXProject "FlatUIKit_DEMO" */;
			compatibilityVersion = "Xcode 3.2";
			developmentRegion = English;
			hasScannedForEncodings = 0;
			knownRegions = (
				en,
			);
			mainGroup = E2A365DF175015DE0056FDFC;
			productRefGroup = E2A365E9175015DE0056FDFC /* Products */;
			projectDirPath = "";
			projectRoot = "";
			targets = (
				E2A365E7175015DE0056FDFC /* FlatUIKit_DEMO */,
			);
		};
/* End PBXProject section */

/* Begin PBXResourcesBuildPhase section */
		E2A365E6175015DE0056FDFC /* Resources */ = {
			isa = PBXResourcesBuildPhase;
			buildActionMask = 2147483647;
			files = (
				E2A365F6175015DE0056FDFC /* InfoPlist.strings in Resources */,
				E2A365FE175015DE0056FDFC /* Default.png in Resources */,
				E2A36600175015DE0056FDFC /* Default@2x.png in Resources */,
				E2A36602175015DE0056FDFC /* Default-568h@2x.png in Resources */,
			);
			runOnlyForDeploymentPostprocessing = 0;
		};
/* End PBXResourcesBuildPhase section */

/* Begin PBXShellScriptBuildPhase section */
		16435AB374EE41538232766C /* Copy Pods Resources */ = {
			isa = PBXShellScriptBuildPhase;
			buildActionMask = 2147483647;
			files = (
			);
			inputPaths = (
			);
			name = "Copy Pods Resources";
			outputPaths = (
			);
			runOnlyForDeploymentPostprocessing = 0;
			shellPath = /bin/sh;
			shellScript = "\"${SRCROOT}/Pods/Pods-resources.sh\"\n";
		};
		5CB65BA3AF0748A192BBACDF /* Check Pods Manifest.lock */ = {
			isa = PBXShellScriptBuildPhase;
			buildActionMask = 2147483647;
			files = (
			);
			inputPaths = (
			);
			name = "Check Pods Manifest.lock";
			outputPaths = (
			);
			runOnlyForDeploymentPostprocessing = 0;
			shellPath = /bin/sh;
			shellScript = "diff \"${PODS_ROOT}/../Podfile.lock\" \"${PODS_ROOT}/Manifest.lock\" > /dev/null\nif [[ $? != 0 ]] ; then\n    cat << EOM\nerror: The sanbox is not in sync with the Podfile.lock. Run 'pod install'.\nEOM\n    exit 1\nfi\n";
		};
/* End PBXShellScriptBuildPhase section */

/* Begin PBXSourcesBuildPhase section */
		E2A365E4175015DE0056FDFC /* Sources */ = {
			isa = PBXSourcesBuildPhase;
			buildActionMask = 2147483647;
			files = (
				E2A365F8175015DE0056FDFC /* main.m in Sources */,
				E2A365FC175015DE0056FDFC /* AppDelegate.m in Sources */,
				E29ED7FC1750184D00AD9079 /* RootViewController.m in Sources */,
			);
			runOnlyForDeploymentPostprocessing = 0;
		};
/* End PBXSourcesBuildPhase section */

/* Begin PBXVariantGroup section */
		E2A365F4175015DE0056FDFC /* InfoPlist.strings */ = {
			isa = PBXVariantGroup;
			children = (
				E2A365F5175015DE0056FDFC /* en */,
			);
			name = InfoPlist.strings;
			sourceTree = "<group>";
		};
/* End PBXVariantGroup section */

/* Begin XCBuildConfiguration section */
		E2A36603175015DE0056FDFC /* Debug */ = {
			isa = XCBuildConfiguration;
			buildSettings = {
				ALWAYS_SEARCH_USER_PATHS = NO;
				CLANG_CXX_LANGUAGE_STANDARD = "gnu++0x";
				CLANG_CXX_LIBRARY = "libc++";
				CLANG_ENABLE_OBJC_ARC = YES;
				CLANG_WARN_CONSTANT_CONVERSION = YES;
				CLANG_WARN_EMPTY_BODY = YES;
				CLANG_WARN_ENUM_CONVERSION = YES;
				CLANG_WARN_INT_CONVERSION = YES;
				CLANG_WARN__DUPLICATE_METHOD_MATCH = YES;
				"CODE_SIGN_IDENTITY[sdk=iphoneos*]" = "iPhone Developer";
				COPY_PHASE_STRIP = NO;
				GCC_C_LANGUAGE_STANDARD = gnu99;
				GCC_DYNAMIC_NO_PIC = NO;
				GCC_OPTIMIZATION_LEVEL = 0;
				GCC_PREPROCESSOR_DEFINITIONS = (
					"DEBUG=1",
					"$(inherited)",
				);
				GCC_SYMBOLS_PRIVATE_EXTERN = NO;
				GCC_WARN_ABOUT_RETURN_TYPE = YES;
				GCC_WARN_UNINITIALIZED_AUTOS = YES;
				GCC_WARN_UNUSED_VARIABLE = YES;
				IPHONEOS_DEPLOYMENT_TARGET = 6.1;
				ONLY_ACTIVE_ARCH = YES;
				SDKROOT = iphoneos;
			};
			name = Debug;
		};
		E2A36604175015DE0056FDFC /* Release */ = {
			isa = XCBuildConfiguration;
			buildSettings = {
				ALWAYS_SEARCH_USER_PATHS = NO;
				CLANG_CXX_LANGUAGE_STANDARD = "gnu++0x";
				CLANG_CXX_LIBRARY = "libc++";
				CLANG_ENABLE_OBJC_ARC = YES;
				CLANG_WARN_CONSTANT_CONVERSION = YES;
				CLANG_WARN_EMPTY_BODY = YES;
				CLANG_WARN_ENUM_CONVERSION = YES;
				CLANG_WARN_INT_CONVERSION = YES;
				CLANG_WARN__DUPLICATE_METHOD_MATCH = YES;
				"CODE_SIGN_IDENTITY[sdk=iphoneos*]" = "iPhone Developer";
				COPY_PHASE_STRIP = YES;
				GCC_C_LANGUAGE_STANDARD = gnu99;
				GCC_WARN_ABOUT_RETURN_TYPE = YES;
				GCC_WARN_UNINITIALIZED_AUTOS = YES;
				GCC_WARN_UNUSED_VARIABLE = YES;
				IPHONEOS_DEPLOYMENT_TARGET = 6.1;
				OTHER_CFLAGS = "-DNS_BLOCK_ASSERTIONS=1";
				SDKROOT = iphoneos;
				VALIDATE_PRODUCT = YES;
			};
			name = Release;
		};
		E2A36606175015DE0056FDFC /* Debug */ = {
			isa = XCBuildConfiguration;
			baseConfigurationReference = 4D4988465E334D76BD64B399 /* Pods.xcconfig */;
			buildSettings = {
				GCC_PRECOMPILE_PREFIX_HEADER = YES;
				GCC_PREFIX_HEADER = "FlatUIKit_DEMO/FlatUIKit_DEMO-Prefix.pch";
				INFOPLIST_FILE = "FlatUIKit_DEMO/FlatUIKit_DEMO-Info.plist";
				IPHONEOS_DEPLOYMENT_TARGET = 5.0;
				PRODUCT_NAME = "$(TARGET_NAME)";
				WRAPPER_EXTENSION = app;
			};
			name = Debug;
		};
		E2A36607175015DE0056FDFC /* Release */ = {
			isa = XCBuildConfiguration;
			baseConfigurationReference = 4D4988465E334D76BD64B399 /* Pods.xcconfig */;
			buildSettings = {
				GCC_PRECOMPILE_PREFIX_HEADER = YES;
				GCC_PREFIX_HEADER = "FlatUIKit_DEMO/FlatUIKit_DEMO-Prefix.pch";
				INFOPLIST_FILE = "FlatUIKit_DEMO/FlatUIKit_DEMO-Info.plist";
				IPHONEOS_DEPLOYMENT_TARGET = 5.0;
				PRODUCT_NAME = "$(TARGET_NAME)";
				WRAPPER_EXTENSION = app;
			};
			name = Release;
		};
/* End XCBuildConfiguration section */

/* Begin XCConfigurationList section */
		E2A365E3175015DE0056FDFC /* Build configuration list for PBXProject "FlatUIKit_DEMO" */ = {
			isa = XCConfigurationList;
			buildConfigurations = (
				E2A36603175015DE0056FDFC /* Debug */,
				E2A36604175015DE0056FDFC /* Release */,
			);
			defaultConfigurationIsVisible = 0;
			defaultConfigurationName = Release;
		};
		E2A36605175015DE0056FDFC /* Build configuration list for PBXNativeTarget "FlatUIKit_DEMO" */ = {
			isa = XCConfigurationList;
			buildConfigurations = (
				E2A36606175015DE0056FDFC /* Debug */,
				E2A36607175015DE0056FDFC /* Release */,
			);
			defaultConfigurationIsVisible = 0;
			defaultConfigurationName = Release;
		};
/* End XCConfigurationList section */
	};
	rootObject = E2A365E0175015DE0056FDFC /* Project object */;
}
